
Microsoft Visual Studio Solution File, Format Version 12.00
# Visual Studio Version 17
VisualStudioVersion = 17.8.34511.84
MinimumVisualStudioVersion = 10.0.40219.1
Project("{FAE04EC0-301F-11D3-BF4B-00C04F79EFBC}") = "UI", "UI.csproj", "{0CDEA597-9F12-43FB-B991-1482329174B6}"
EndProject
Project("{FAE04EC0-301F-11D3-BF4B-00C04F79EFBC}") = "DataLayer", "..\DataLayer\DataLayer.csproj", "{4FAB7186-6362-47A4-8B6D-36F9656F7A81}"
EndProject
Project("{FAE04EC0-301F-11D3-BF4B-00C04F79EFBC}") = "LogicLayer", "..\LogicLayer\LogicLayer.csproj", "{A6BCD146-697A-4330-A349-A91CABCC1B16}"
EndProject
Project("{FAE04EC0-301F-11D3-BF4B-00C04F79EFBC}") = "PresentationLayer", "..\PresentationLayer\PresentationLayer.csproj", "{5B728A4B-530D-4F76-BCDB-FF0BA2A41335}"
EndProject
Global
	GlobalSection(SolutionConfigurationPlatforms) = preSolution
		Debug|Any CPU = Debug|Any CPU
		Release|Any CPU = Release|Any CPU
	EndGlobalSection
	GlobalSection(ProjectConfigurationPlatforms) = postSolution
		{0CDEA597-9F12-43FB-B991-1482329174B6}.Debug|Any CPU.ActiveCfg = Debug|Any CPU
		{0CDEA597-9F12-43FB-B991-1482329174B6}.Debug|Any CPU.Build.0 = Debug|Any CPU
		{0CDEA597-9F12-43FB-B991-1482329174B6}.Release|Any CPU.ActiveCfg = Release|Any CPU
		{0CDEA597-9F12-43FB-B991-1482329174B6}.Release|Any CPU.Build.0 = Release|Any CPU
		{4FAB7186-6362-47A4-8B6D-36F9656F7A81}.Debug|Any CPU.ActiveCfg = Debug|Any CPU
		{4FAB7186-6362-47A4-8B6D-36F9656F7A81}.Debug|Any CPU.Build.0 = Debug|Any CPU
		{4FAB7186-6362-47A4-8B6D-36F9656F7A81}.Release|Any CPU.ActiveCfg = Release|Any CPU
		{4FAB7186-6362-47A4-8B6D-36F9656F7A81}.Release|Any CPU.Build.0 = Release|Any CPU
		{A6BCD146-697A-4330-A349-A91CABCC1B16}.Debug|Any CPU.ActiveCfg = Debug|Any CPU
		{A6BCD146-697A-4330-A349-A91CABCC1B16}.Debug|Any CPU.Build.0 = Debug|Any CPU
		{A6BCD146-697A-4330-A349-A91CABCC1B16}.Release|Any CPU.ActiveCfg = Release|Any CPU
		{A6BCD146-697A-4330-A349-A91CABCC1B16}.Release|Any CPU.Build.0 = Release|Any CPU
		{5B728A4B-530D-4F76-BCDB-FF0BA2A41335}.Debug|Any CPU.ActiveCfg = Debug|Any CPU
		{5B728A4B-530D-4F76-BCDB-FF0BA2A41335}.Debug|Any CPU.Build.0 = Debug|Any CPU
		{5B728A4B-530D-4F76-BCDB-FF0BA2A41335}.Release|Any CPU.ActiveCfg = Release|Any CPU
		{5B728A4B-530D-4F76-BCDB-FF0BA2A41335}.Release|Any CPU.Build.0 = Release|Any CPU
	EndGlobalSection
	GlobalSection(SolutionProperties) = preSolution
		HideSolutionNode = FALSE
	EndGlobalSection
	GlobalSection(ExtensibilityGlobals) = postSolution
		SolutionGuid = {A0DC730A-7F60-4075-9AE1-C2D38B1DF30A}
	EndGlobalSection
EndGlobal
